
Microsoft Visual Studio Solution File, Format Version 12.00
# Visual Studio Version 17
VisualStudioVersion = 17.0.31903.59
MinimumVisualStudioVersion = 10.0.40219.1
Project("{FAE04EC0-301F-11D3-BF4B-00C04F79EFBC}") = "MessengerApi", "MessengerApi\MessengerApi.csproj", "{5E1F43A2-061B-4862-B500-B2C85F70A043}"
EndProject
Project("{FAE04EC0-301F-11D3-BF4B-00C04F79EFBC}") = "MessengerApi.Tests", "MessengerApi.Tests\MessengerApi.Tests.csproj", "{FF8F1507-A4BC-472F-8F7E-4113202113FE}"
EndProject
Global
	GlobalSection(SolutionConfigurationPlatforms) = preSolution
		Debug|Any CPU = Debug|Any CPU
		Release|Any CPU = Release|Any CPU
	EndGlobalSection
	GlobalSection(SolutionProperties) = preSolution
		HideSolutionNode = FALSE
	EndGlobalSection
	GlobalSection(ProjectConfigurationPlatforms) = postSolution
		{5E1F43A2-061B-4862-B500-B2C85F70A043}.Debug|Any CPU.ActiveCfg = Debug|Any CPU
		{5E1F43A2-061B-4862-B500-B2C85F70A043}.Debug|Any CPU.Build.0 = Debug|Any CPU
		{5E1F43A2-061B-4862-B500-B2C85F70A043}.Release|Any CPU.ActiveCfg = Release|Any CPU
		{5E1F43A2-061B-4862-B500-B2C85F70A043}.Release|Any CPU.Build.0 = Release|Any CPU
		{FF8F1507-A4BC-472F-8F7E-4113202113FE}.Debug|Any CPU.ActiveCfg = Debug|Any CPU
		{FF8F1507-A4BC-472F-8F7E-4113202113FE}.Debug|Any CPU.Build.0 = Debug|Any CPU
		{FF8F1507-A4BC-472F-8F7E-4113202113FE}.Release|Any CPU.ActiveCfg = Release|Any CPU
		{FF8F1507-A4BC-472F-8F7E-4113202113FE}.Release|Any CPU.Build.0 = Release|Any CPU
	EndGlobalSection
EndGlobal
